
Microsoft Visual Studio Solution File, Format Version 12.00
# Visual Studio Version 17
VisualStudioVersion = 17.5.33424.131
MinimumVisualStudioVersion = 10.0.40219.1
Project("{FAE04EC0-301F-11D3-BF4B-00C04F79EFBC}") = "410919158Homework04", "410919158Homework04.csproj", "{7FB20961-BBFC-44D5-8007-567C515A14C4}"
EndProject
Global
	GlobalSection(SolutionConfigurationPlatforms) = preSolution
		Debug|Any CPU = Debug|Any CPU
		Release|Any CPU = Release|Any CPU
	EndGlobalSection
	GlobalSection(ProjectConfigurationPlatforms) = postSolution
		{7FB20961-BBFC-44D5-8007-567C515A14C4}.Debug|Any CPU.ActiveCfg = Debug|Any CPU
		{7FB20961-BBFC-44D5-8007-567C515A14C4}.Debug|Any CPU.Build.0 = Debug|Any CPU
		{7FB20961-BBFC-44D5-8007-567C515A14C4}.Release|Any CPU.ActiveCfg = Release|Any CPU
		{7FB20961-BBFC-44D5-8007-567C515A14C4}.Release|Any CPU.Build.0 = Release|Any CPU
	EndGlobalSection
	GlobalSection(SolutionProperties) = preSolution
		HideSolutionNode = FALSE
	EndGlobalSection
	GlobalSection(ExtensibilityGlobals) = postSolution
		SolutionGuid = {E6E0249A-ACD1-4D83-8283-BA82A643E507}
	EndGlobalSection
EndGlobal
